
Microsoft Visual Studio Solution File, Format Version 12.00
# Visual Studio 15
VisualStudioVersion = 15.0.27130.2036
MinimumVisualStudioVersion = 10.0.40219.1
Project("{FAE04EC0-301F-11D3-BF4B-00C04F79EFBC}") = "Server", "Server\Server.csproj", "{833F017E-E0B9-4B34-BFDF-3F29D54D54D4}"
EndProject
Project("{FAE04EC0-301F-11D3-BF4B-00C04F79EFBC}") = "Client", "Client\Client.csproj", "{B8EE3D3D-B60E-4DFC-80E0-14CFD503A81E}"
EndProject
Global
	GlobalSection(SolutionConfigurationPlatforms) = preSolution
		Debug|Any CPU = Debug|Any CPU
		Release|Any CPU = Release|Any CPU
	EndGlobalSection
	GlobalSection(ProjectConfigurationPlatforms) = postSolution
		{833F017E-E0B9-4B34-BFDF-3F29D54D54D4}.Debug|Any CPU.ActiveCfg = Debug|Any CPU
		{833F017E-E0B9-4B34-BFDF-3F29D54D54D4}.Debug|Any CPU.Build.0 = Debug|Any CPU
		{833F017E-E0B9-4B34-BFDF-3F29D54D54D4}.Release|Any CPU.ActiveCfg = Release|Any CPU
		{833F017E-E0B9-4B34-BFDF-3F29D54D54D4}.Release|Any CPU.Build.0 = Release|Any CPU
		{B8EE3D3D-B60E-4DFC-80E0-14CFD503A81E}.Debug|Any CPU.ActiveCfg = Debug|Any CPU
		{B8EE3D3D-B60E-4DFC-80E0-14CFD503A81E}.Debug|Any CPU.Build.0 = Debug|Any CPU
		{B8EE3D3D-B60E-4DFC-80E0-14CFD503A81E}.Release|Any CPU.ActiveCfg = Release|Any CPU
		{B8EE3D3D-B60E-4DFC-80E0-14CFD503A81E}.Release|Any CPU.Build.0 = Release|Any CPU
	EndGlobalSection
	GlobalSection(SolutionProperties) = preSolution
		HideSolutionNode = FALSE
	EndGlobalSection
	GlobalSection(ExtensibilityGlobals) = postSolution
		SolutionGuid = {C4E1F3E4-9379-407F-B2EC-E4793E045982}
	EndGlobalSection
EndGlobal
